
Microsoft Visual Studio Solution File, Format Version 12.00
# Visual Studio 14
VisualStudioVersion = 14.0.25420.1
MinimumVisualStudioVersion = 10.0.40219.1
Project("{FAE04EC0-301F-11D3-BF4B-00C04F79EFBC}") = "ReviewIconReg", "ReviewIconReg\ReviewIconReg.csproj", "{6BBEE54F-8A86-4502-BF1B-32941F32260B}"
EndProject
Project("{FAE04EC0-301F-11D3-BF4B-00C04F79EFBC}") = "AssociatedWinIcon", "..\..\WinForms\NET C#\AssociatedWinIcon\AssociatedWinIcon.csproj", "{75700F12-445B-49A8-9E16-3A0D46E2FE79}"
EndProject
Global
	GlobalSection(SolutionConfigurationPlatforms) = preSolution
		Debug|Any CPU = Debug|Any CPU
		Release|Any CPU = Release|Any CPU
	EndGlobalSection
	GlobalSection(ProjectConfigurationPlatforms) = postSolution
		{6BBEE54F-8A86-4502-BF1B-32941F32260B}.Debug|Any CPU.ActiveCfg = Debug|Any CPU
		{6BBEE54F-8A86-4502-BF1B-32941F32260B}.Debug|Any CPU.Build.0 = Debug|Any CPU
		{6BBEE54F-8A86-4502-BF1B-32941F32260B}.Release|Any CPU.ActiveCfg = Release|Any CPU
		{6BBEE54F-8A86-4502-BF1B-32941F32260B}.Release|Any CPU.Build.0 = Release|Any CPU
		{75700F12-445B-49A8-9E16-3A0D46E2FE79}.Debug|Any CPU.ActiveCfg = Debug|Any CPU
		{75700F12-445B-49A8-9E16-3A0D46E2FE79}.Debug|Any CPU.Build.0 = Debug|Any CPU
		{75700F12-445B-49A8-9E16-3A0D46E2FE79}.Release|Any CPU.ActiveCfg = Release|Any CPU
		{75700F12-445B-49A8-9E16-3A0D46E2FE79}.Release|Any CPU.Build.0 = Release|Any CPU
	EndGlobalSection
	GlobalSection(SolutionProperties) = preSolution
		HideSolutionNode = FALSE
	EndGlobalSection
EndGlobal
